
Microsoft Visual Studio Solution File, Format Version 12.00
# Visual Studio Version 17
VisualStudioVersion = 17.1.32210.238
MinimumVisualStudioVersion = 10.0.40219.1
Project("{8BC9CEB8-8B4A-11D0-8D11-00A0C91BC942}") = "test-cct", "test-cct\test-cct.vcxproj", "{A9253607-3B29-476E-A94E-968E303031BD}"
EndProject
Project("{8BC9CEB8-8B4A-11D0-8D11-00A0C91BC942}") = "90-01-b1", "90-01-b1\90-01-b1.vcxproj", "{9699BC08-56C8-4BAB-B148-8D2ED158D100}"
EndProject
Project("{8BC9CEB8-8B4A-11D0-8D11-00A0C91BC942}") = "90-01-b2", "90-01-b2\90-01-b2.vcxproj", "{194EBE41-652F-465C-B2E8-97C9F774247B}"
EndProject
Project("{8BC9CEB8-8B4A-11D0-8D11-00A0C91BC942}") = "90-02-b1", "90-02-b1\90-02-b1.vcxproj", "{51E998EE-60C7-4641-8FE4-4DF89D223824}"
EndProject
Project("{8BC9CEB8-8B4A-11D0-8D11-00A0C91BC942}") = "common", "common\common.vcxproj", "{9CDF1BB9-7135-4A32-AB88-0638DB7FB863}"
EndProject
Project("{8BC9CEB8-8B4A-11D0-8D11-00A0C91BC942}") = "include", "include\include.vcxproj", "{618CD706-1B69-4F02-8B1B-7011E17DC9E0}"
EndProject
Project("{8BC9CEB8-8B4A-11D0-8D11-00A0C91BC942}") = "90-02-b2", "90-02-b2\90-02-b2.vcxproj", "{1CEB9329-9BAA-4626-80EE-09DF92525DB6}"
EndProject
Project("{8BC9CEB8-8B4A-11D0-8D11-00A0C91BC942}") = "lib", "lib\lib.vcxproj", "{52DA5EF6-8FD8-4F17-BDB6-6729D066CF69}"
EndProject
Project("{8BC9CEB8-8B4A-11D0-8D11-00A0C91BC942}") = "test_args_analyse_tools", "test_args_analyse_tools\test_args_analyse_tools.vcxproj", "{867E9424-5890-4F4A-AE21-EC14ABA1D8F7}"
EndProject
Project("{8BC9CEB8-8B4A-11D0-8D11-00A0C91BC942}") = "my_ping", "my_ping\my_ping.vcxproj", "{AC6F1C4D-43C1-492E-BD63-3D9FE08E3CE6}"
EndProject
Project("{8BC9CEB8-8B4A-11D0-8D11-00A0C91BC942}") = "txt_compare", "txt_compare\txt_compare.vcxproj", "{3DC5367B-6EA7-4F2F-87E0-DAB969B7A9ED}"
EndProject
Project("{8BC9CEB8-8B4A-11D0-8D11-00A0C91BC942}") = "bmp_subtitles", "bmp_subtitles\bmp_subtitles.vcxproj", "{C57DFBB4-2E5C-420A-AB8B-11B9ED23C6BA}"
EndProject
Project("{8BC9CEB8-8B4A-11D0-8D11-00A0C91BC942}") = "test_readcfg", "test_readcfg\test_readcfg.vcxproj", "{C0373D3C-5CBB-48B9-AF34-7870C299A8D9}"
EndProject
Project("{8BC9CEB8-8B4A-11D0-8D11-00A0C91BC942}") = "test_mariadb", "test_mariadb\test_mariadb.vcxproj", "{F2CE76B0-1D93-4E2E-AA4D-2599A4CC346A}"
EndProject
Project("{8BC9CEB8-8B4A-11D0-8D11-00A0C91BC942}") = "hw_check", "hw_check\hw_check.vcxproj", "{FE4637A7-1BC1-4A57-99A9-16CBBA7B9BCA}"
EndProject
Global
	GlobalSection(SolutionConfigurationPlatforms) = preSolution
		Debug|x64 = Debug|x64
		Debug|x86 = Debug|x86
		Release|x64 = Release|x64
		Release|x86 = Release|x86
	EndGlobalSection
	GlobalSection(ProjectConfigurationPlatforms) = postSolution
		{A9253607-3B29-476E-A94E-968E303031BD}.Debug|x64.ActiveCfg = Debug|x64
		{A9253607-3B29-476E-A94E-968E303031BD}.Debug|x64.Build.0 = Debug|x64
		{A9253607-3B29-476E-A94E-968E303031BD}.Debug|x86.ActiveCfg = Debug|Win32
		{A9253607-3B29-476E-A94E-968E303031BD}.Debug|x86.Build.0 = Debug|Win32
		{A9253607-3B29-476E-A94E-968E303031BD}.Release|x64.ActiveCfg = Release|x64
		{A9253607-3B29-476E-A94E-968E303031BD}.Release|x64.Build.0 = Release|x64
		{A9253607-3B29-476E-A94E-968E303031BD}.Release|x86.ActiveCfg = Release|Win32
		{A9253607-3B29-476E-A94E-968E303031BD}.Release|x86.Build.0 = Release|Win32
		{9699BC08-56C8-4BAB-B148-8D2ED158D100}.Debug|x64.ActiveCfg = Debug|x64
		{9699BC08-56C8-4BAB-B148-8D2ED158D100}.Debug|x64.Build.0 = Debug|x64
		{9699BC08-56C8-4BAB-B148-8D2ED158D100}.Debug|x86.ActiveCfg = Debug|Win32
		{9699BC08-56C8-4BAB-B148-8D2ED158D100}.Debug|x86.Build.0 = Debug|Win32
		{9699BC08-56C8-4BAB-B148-8D2ED158D100}.Release|x64.ActiveCfg = Release|x64
		{9699BC08-56C8-4BAB-B148-8D2ED158D100}.Release|x64.Build.0 = Release|x64
		{9699BC08-56C8-4BAB-B148-8D2ED158D100}.Release|x86.ActiveCfg = Release|Win32
		{9699BC08-56C8-4BAB-B148-8D2ED158D100}.Release|x86.Build.0 = Release|Win32
		{194EBE41-652F-465C-B2E8-97C9F774247B}.Debug|x64.ActiveCfg = Debug|x64
		{194EBE41-652F-465C-B2E8-97C9F774247B}.Debug|x64.Build.0 = Debug|x64
		{194EBE41-652F-465C-B2E8-97C9F774247B}.Debug|x86.ActiveCfg = Debug|Win32
		{194EBE41-652F-465C-B2E8-97C9F774247B}.Debug|x86.Build.0 = Debug|Win32
		{194EBE41-652F-465C-B2E8-97C9F774247B}.Release|x64.ActiveCfg = Release|x64
		{194EBE41-652F-465C-B2E8-97C9F774247B}.Release|x64.Build.0 = Release|x64
		{194EBE41-652F-465C-B2E8-97C9F774247B}.Release|x86.ActiveCfg = Release|Win32
		{194EBE41-652F-465C-B2E8-97C9F774247B}.Release|x86.Build.0 = Release|Win32
		{51E998EE-60C7-4641-8FE4-4DF89D223824}.Debug|x64.ActiveCfg = Debug|x64
		{51E998EE-60C7-4641-8FE4-4DF89D223824}.Debug|x64.Build.0 = Debug|x64
		{51E998EE-60C7-4641-8FE4-4DF89D223824}.Debug|x86.ActiveCfg = Debug|Win32
		{51E998EE-60C7-4641-8FE4-4DF89D223824}.Debug|x86.Build.0 = Debug|Win32
		{51E998EE-60C7-4641-8FE4-4DF89D223824}.Release|x64.ActiveCfg = Release|x64
		{51E998EE-60C7-4641-8FE4-4DF89D223824}.Release|x64.Build.0 = Release|x64
		{51E998EE-60C7-4641-8FE4-4DF89D223824}.Release|x86.ActiveCfg = Release|Win32
		{51E998EE-60C7-4641-8FE4-4DF89D223824}.Release|x86.Build.0 = Release|Win32
		{9CDF1BB9-7135-4A32-AB88-0638DB7FB863}.Debug|x64.ActiveCfg = Debug|x64
		{9CDF1BB9-7135-4A32-AB88-0638DB7FB863}.Debug|x64.Build.0 = Debug|x64
		{9CDF1BB9-7135-4A32-AB88-0638DB7FB863}.Debug|x86.ActiveCfg = Debug|Win32
		{9CDF1BB9-7135-4A32-AB88-0638DB7FB863}.Release|x64.ActiveCfg = Release|x64
		{9CDF1BB9-7135-4A32-AB88-0638DB7FB863}.Release|x64.Build.0 = Release|x64
		{9CDF1BB9-7135-4A32-AB88-0638DB7FB863}.Release|x86.ActiveCfg = Release|Win32
		{9CDF1BB9-7135-4A32-AB88-0638DB7FB863}.Release|x86.Build.0 = Release|Win32
		{618CD706-1B69-4F02-8B1B-7011E17DC9E0}.Debug|x64.ActiveCfg = Debug|x64
		{618CD706-1B69-4F02-8B1B-7011E17DC9E0}.Debug|x64.Build.0 = Debug|x64
		{618CD706-1B69-4F02-8B1B-7011E17DC9E0}.Debug|x86.ActiveCfg = Debug|Win32
		{618CD706-1B69-4F02-8B1B-7011E17DC9E0}.Release|x64.ActiveCfg = Release|x64
		{618CD706-1B69-4F02-8B1B-7011E17DC9E0}.Release|x64.Build.0 = Release|x64
		{618CD706-1B69-4F02-8B1B-7011E17DC9E0}.Release|x86.ActiveCfg = Release|Win32
		{618CD706-1B69-4F02-8B1B-7011E17DC9E0}.Release|x86.Build.0 = Release|Win32
		{1CEB9329-9BAA-4626-80EE-09DF92525DB6}.Debug|x64.ActiveCfg = Debug|x64
		{1CEB9329-9BAA-4626-80EE-09DF92525DB6}.Debug|x64.Build.0 = Debug|x64
		{1CEB9329-9BAA-4626-80EE-09DF92525DB6}.Debug|x86.ActiveCfg = Debug|Win32
		{1CEB9329-9BAA-4626-80EE-09DF92525DB6}.Debug|x86.Build.0 = Debug|Win32
		{1CEB9329-9BAA-4626-80EE-09DF92525DB6}.Release|x64.ActiveCfg = Release|x64
		{1CEB9329-9BAA-4626-80EE-09DF92525DB6}.Release|x64.Build.0 = Release|x64
		{1CEB9329-9BAA-4626-80EE-09DF92525DB6}.Release|x86.ActiveCfg = Release|Win32
		{1CEB9329-9BAA-4626-80EE-09DF92525DB6}.Release|x86.Build.0 = Release|Win32
		{52DA5EF6-8FD8-4F17-BDB6-6729D066CF69}.Debug|x64.ActiveCfg = Debug|x64
		{52DA5EF6-8FD8-4F17-BDB6-6729D066CF69}.Debug|x64.Build.0 = Debug|x64
		{52DA5EF6-8FD8-4F17-BDB6-6729D066CF69}.Debug|x86.ActiveCfg = Debug|Win32
		{52DA5EF6-8FD8-4F17-BDB6-6729D066CF69}.Release|x64.ActiveCfg = Release|x64
		{52DA5EF6-8FD8-4F17-BDB6-6729D066CF69}.Release|x64.Build.0 = Release|x64
		{52DA5EF6-8FD8-4F17-BDB6-6729D066CF69}.Release|x86.ActiveCfg = Release|Win32
		{52DA5EF6-8FD8-4F17-BDB6-6729D066CF69}.Release|x86.Build.0 = Release|Win32
		{867E9424-5890-4F4A-AE21-EC14ABA1D8F7}.Debug|x64.ActiveCfg = Debug|x64
		{867E9424-5890-4F4A-AE21-EC14ABA1D8F7}.Debug|x64.Build.0 = Debug|x64
		{867E9424-5890-4F4A-AE21-EC14ABA1D8F7}.Debug|x86.ActiveCfg = Debug|Win32
		{867E9424-5890-4F4A-AE21-EC14ABA1D8F7}.Debug|x86.Build.0 = Debug|Win32
		{867E9424-5890-4F4A-AE21-EC14ABA1D8F7}.Release|x64.ActiveCfg = Release|x64
		{867E9424-5890-4F4A-AE21-EC14ABA1D8F7}.Release|x64.Build.0 = Release|x64
		{867E9424-5890-4F4A-AE21-EC14ABA1D8F7}.Release|x86.ActiveCfg = Release|Win32
		{867E9424-5890-4F4A-AE21-EC14ABA1D8F7}.Release|x86.Build.0 = Release|Win32
		{AC6F1C4D-43C1-492E-BD63-3D9FE08E3CE6}.Debug|x64.ActiveCfg = Debug|x64
		{AC6F1C4D-43C1-492E-BD63-3D9FE08E3CE6}.Debug|x64.Build.0 = Debug|x64
		{AC6F1C4D-43C1-492E-BD63-3D9FE08E3CE6}.Debug|x86.ActiveCfg = Debug|Win32
		{AC6F1C4D-43C1-492E-BD63-3D9FE08E3CE6}.Debug|x86.Build.0 = Debug|Win32
		{AC6F1C4D-43C1-492E-BD63-3D9FE08E3CE6}.Release|x64.ActiveCfg = Release|x64
		{AC6F1C4D-43C1-492E-BD63-3D9FE08E3CE6}.Release|x64.Build.0 = Release|x64
		{AC6F1C4D-43C1-492E-BD63-3D9FE08E3CE6}.Release|x86.ActiveCfg = Release|Win32
		{AC6F1C4D-43C1-492E-BD63-3D9FE08E3CE6}.Release|x86.Build.0 = Release|Win32
		{3DC5367B-6EA7-4F2F-87E0-DAB969B7A9ED}.Debug|x64.ActiveCfg = Debug|x64
		{3DC5367B-6EA7-4F2F-87E0-DAB969B7A9ED}.Debug|x64.Build.0 = Debug|x64
		{3DC5367B-6EA7-4F2F-87E0-DAB969B7A9ED}.Debug|x86.ActiveCfg = Debug|Win32
		{3DC5367B-6EA7-4F2F-87E0-DAB969B7A9ED}.Debug|x86.Build.0 = Debug|Win32
		{3DC5367B-6EA7-4F2F-87E0-DAB969B7A9ED}.Release|x64.ActiveCfg = Release|x64
		{3DC5367B-6EA7-4F2F-87E0-DAB969B7A9ED}.Release|x64.Build.0 = Release|x64
		{3DC5367B-6EA7-4F2F-87E0-DAB969B7A9ED}.Release|x86.ActiveCfg = Release|Win32
		{3DC5367B-6EA7-4F2F-87E0-DAB969B7A9ED}.Release|x86.Build.0 = Release|Win32
		{C57DFBB4-2E5C-420A-AB8B-11B9ED23C6BA}.Debug|x64.ActiveCfg = Debug|x64
		{C57DFBB4-2E5C-420A-AB8B-11B9ED23C6BA}.Debug|x64.Build.0 = Debug|x64
		{C57DFBB4-2E5C-420A-AB8B-11B9ED23C6BA}.Debug|x86.ActiveCfg = Debug|Win32
		{C57DFBB4-2E5C-420A-AB8B-11B9ED23C6BA}.Debug|x86.Build.0 = Debug|Win32
		{C57DFBB4-2E5C-420A-AB8B-11B9ED23C6BA}.Release|x64.ActiveCfg = Release|x64
		{C57DFBB4-2E5C-420A-AB8B-11B9ED23C6BA}.Release|x64.Build.0 = Release|x64
		{C57DFBB4-2E5C-420A-AB8B-11B9ED23C6BA}.Release|x86.ActiveCfg = Release|Win32
		{C57DFBB4-2E5C-420A-AB8B-11B9ED23C6BA}.Release|x86.Build.0 = Release|Win32
		{C0373D3C-5CBB-48B9-AF34-7870C299A8D9}.Debug|x64.ActiveCfg = Debug|x64
		{C0373D3C-5CBB-48B9-AF34-7870C299A8D9}.Debug|x64.Build.0 = Debug|x64
		{C0373D3C-5CBB-48B9-AF34-7870C299A8D9}.Debug|x86.ActiveCfg = Debug|Win32
		{C0373D3C-5CBB-48B9-AF34-7870C299A8D9}.Debug|x86.Build.0 = Debug|Win32
		{C0373D3C-5CBB-48B9-AF34-7870C299A8D9}.Release|x64.ActiveCfg = Release|x64
		{C0373D3C-5CBB-48B9-AF34-7870C299A8D9}.Release|x64.Build.0 = Release|x64
		{C0373D3C-5CBB-48B9-AF34-7870C299A8D9}.Release|x86.ActiveCfg = Release|Win32
		{C0373D3C-5CBB-48B9-AF34-7870C299A8D9}.Release|x86.Build.0 = Release|Win32
		{F2CE76B0-1D93-4E2E-AA4D-2599A4CC346A}.Debug|x64.ActiveCfg = Debug|x64
		{F2CE76B0-1D93-4E2E-AA4D-2599A4CC346A}.Debug|x64.Build.0 = Debug|x64
		{F2CE76B0-1D93-4E2E-AA4D-2599A4CC346A}.Debug|x86.ActiveCfg = Debug|Win32
		{F2CE76B0-1D93-4E2E-AA4D-2599A4CC346A}.Debug|x86.Build.0 = Debug|Win32
		{F2CE76B0-1D93-4E2E-AA4D-2599A4CC346A}.Release|x64.ActiveCfg = Release|x64
		{F2CE76B0-1D93-4E2E-AA4D-2599A4CC346A}.Release|x64.Build.0 = Release|x64
		{F2CE76B0-1D93-4E2E-AA4D-2599A4CC346A}.Release|x86.ActiveCfg = Release|Win32
		{F2CE76B0-1D93-4E2E-AA4D-2599A4CC346A}.Release|x86.Build.0 = Release|Win32
		{FE4637A7-1BC1-4A57-99A9-16CBBA7B9BCA}.Debug|x64.ActiveCfg = Debug|x64
		{FE4637A7-1BC1-4A57-99A9-16CBBA7B9BCA}.Debug|x64.Build.0 = Debug|x64
		{FE4637A7-1BC1-4A57-99A9-16CBBA7B9BCA}.Debug|x86.ActiveCfg = Debug|Win32
		{FE4637A7-1BC1-4A57-99A9-16CBBA7B9BCA}.Debug|x86.Build.0 = Debug|Win32
		{FE4637A7-1BC1-4A57-99A9-16CBBA7B9BCA}.Release|x64.ActiveCfg = Release|x64
		{FE4637A7-1BC1-4A57-99A9-16CBBA7B9BCA}.Release|x64.Build.0 = Release|x64
		{FE4637A7-1BC1-4A57-99A9-16CBBA7B9BCA}.Release|x86.ActiveCfg = Release|Win32
		{FE4637A7-1BC1-4A57-99A9-16CBBA7B9BCA}.Release|x86.Build.0 = Release|Win32
	EndGlobalSection
	GlobalSection(SolutionProperties) = preSolution
		HideSolutionNode = FALSE
	EndGlobalSection
	GlobalSection(ExtensibilityGlobals) = postSolution
		SolutionGuid = {F1CEBC16-8D57-4B2D-BBB0-E616325FB321}
	EndGlobalSection
EndGlobal
